version = 1
revision = 3
requires-python = ">=3.14"

[[package]]
name = "impi-rt"
version = "2021.18.0"
source = { registry = "https://pypi.org/simple" }
wheels = [
    { url = "https://files.pythonhosted.org/packages/9c/92/ccef0ec3b9bd9f3cf586abaf863bcc6b7b7c0dd4868fe5b41e6155f03608/impi_rt-2021.18.0-py2.py3-none-manylinux_2_28_x86_64.whl", hash = "sha256:7bd0328b89872f9395523c3732eb97b403b2e04a4210c85016eac87301398fbc", size = 126579109, upload-time = "2026-04-24T14:15:23.209Z" },
    { url = "https://files.pythonhosted.org/packages/39/06/6527fb776213f3fd1432b84f35421e3c848c1b4dc40ec9f38aafeabce7fd/impi_rt-2021.18.0-py2.py3-none-win_amd64.whl", hash = "sha256:344eb2c1ec364e6f060ca97481e51d913699e75934f52f0ceacfa87122047bb4", size = 21846717, upload-time = "2026-04-24T14:14:26.77Z" },
]

[[package]]
name = "mpi4py"
version = "4.1.1"
source = { registry = "https://pypi.org/simple" }
sdist = { url = "https://files.pythonhosted.org/packages/62/74/28ea85b0b949cad827ea50720e00e814e88c8fd536c27c3c491e4f025724/mpi4py-4.1.1.tar.gz", hash = "sha256:eb2c8489bdbc47fdc6b26ca7576e927a11b070b6de196a443132766b3d0a2a22", size = 500518, upload-time = "2025-10-10T13:55:20.402Z" }
wheels = [
    { url = "https://files.pythonhosted.org/packages/36/b3/2e7df40608f2188dca16e38f8030add1071f06b1cd94dd8a4e16b9acbd84/mpi4py-4.1.1-cp310-abi3-macosx_10_9_x86_64.whl", hash = "sha256:1586f5d1557abed9cba7e984d18f32e787b353be0986e599974db177ae36329a", size = 1422849, upload-time = "2025-10-10T13:53:40.082Z" },
    { url = "https://files.pythonhosted.org/packages/6d/ed/970bd3edc0e614eccc726fa406255b88f728a8bc059e81f96f28d6ede0af/mpi4py-4.1.1-cp310-abi3-macosx_11_0_arm64.whl", hash = "sha256:ba85e4778d63c750226de95115c92b709f38d7e661be660a275da4f0992ee197", size = 1326982, upload-time = "2025-10-10T13:53:42.32Z" },
    { url = "https://files.pythonhosted.org/packages/5d/c3/f9a5d1f9ba52ac6386bf3d3550027f42a6b102b0432113cc43294420feb2/mpi4py-4.1.1-cp310-abi3-manylinux1_x86_64.manylinux_2_5_x86_64.whl", hash = "sha256:0a8332884626994d9ef48da233dc7a0355f4868dd7ff59f078d5813a2935b930", size = 1373127, upload-time = "2025-10-10T13:53:43.957Z" },
    { url = "https://files.pythonhosted.org/packages/84/d1/1fe75025df801d817ed49371c719559f742f3f263323442d34dbe3366af3/mpi4py-4.1.1-cp310-abi3-manylinux2014_aarch64.manylinux_2_17_aarch64.whl", hash = "sha256:6e0352860f0b3e18bc0dcb47e42e583ccb9472f89752d711a6fca46a38670554", size = 1225134, upload-time = "2025-10-10T13:53:45.583Z" },
    { url = "https://files.pythonhosted.org/packages/40/44/d653fec0e4ca8181645da4bfb2763017625e5b3f151b208fadd932cb1766/mpi4py-4.1.1-cp310-abi3-win_amd64.whl", hash = "sha256:0f46dfe666a599e4bd2641116b2b4852a3ed9d37915edf98fae471d666663128", size = 1478863, upload-time = "2025-10-10T13:53:47.178Z" },
    { url = "https://files.pythonhosted.org/packages/6a/e8/93ddde2b6ee7631b46bb79b851630b3527d9060b9b999844bcd882977539/mpi4py-4.1.1-cp314-cp314-macosx_10_13_x86_64.whl", hash = "sha256:1deb6f9df28ec6972305287cb2035c20d3f5af59f687f962080756374c16e48f", size = 1713353, upload-time = "2025-10-10T13:54:33.934Z" },
    { url = "https://files.pythonhosted.org/packages/b2/23/449562bd23fcfbd7d01006b39429972bfed5dfb8541355d06d2e17c16c27/mpi4py-4.1.1-cp314-cp314-macosx_11_0_arm64.whl", hash = "sha256:1bb1e3ad0b9047b0dbc7b4014160a7ab2a84f1627be665527c7445fc312f189b", size = 1496415, upload-time = "2025-10-10T13:54:35.927Z" },
    { url = "https://files.pythonhosted.org/packages/51/33/9a5b9ae66cbb095b711f4ddae6d2d4b0f55202ac9e503fd588b101f04a22/mpi4py-4.1.1-cp314-cp314-manylinux1_x86_64.manylinux_2_5_x86_64.whl", hash = "sha256:5f757e3089abf2c9db69fac1665fa99c52ed392fdf799159f25cba9ee3b64f5a", size = 1450750, upload-time = "2025-10-10T13:54:37.608Z" },
    { url = "https://files.pythonhosted.org/packages/d2/88/6acf948f19cb59c0e8843fed4ab4c471b7644e8a16c2d5d9c7ab6d73d573/mpi4py-4.1.1-cp314-cp314-manylinux2014_aarch64.manylinux_2_17_aarch64.whl", hash = "sha256:807c6f1ed3adbc12952db52127e34cfbd6c48a05c3b3dd59deee2d2f09d78888", size = 1325773, upload-time = "2025-10-10T13:54:39.136Z" },
    { url = "https://files.pythonhosted.org/packages/6a/b4/3021e073772cd9e1062a810b7298e68ea40933fb91b1c1c0d07c968dce5c/mpi4py-4.1.1-cp314-cp314-win_amd64.whl", hash = "sha256:2c85983d38d77e6302a242e32afd2a9a9b3adedd770e199a38e5b8957150e7ac", size = 1721603, upload-time = "2025-10-10T13:54:41.396Z" },
    { url = "https://files.pythonhosted.org/packages/ed/02/b6700c24fe28588a4e40adb23d02fe2aea82b33495fd6290235da5199383/mpi4py-4.1.1-cp314-cp314t-macosx_10_13_x86_64.whl", hash = "sha256:729c4f625ad60e5cfb6c260608d249dc35a33cc16605faff01c6adbbd7e8ce0f", size = 1799551, upload-time = "2025-10-10T13:54:43.084Z" },
    { url = "https://files.pythonhosted.org/packages/5a/93/9c9870174183869bd5a50bbfe7bda91a52bf7ca2d0851de4009590e735a2/mpi4py-4.1.1-cp314-cp314t-macosx_11_0_arm64.whl", hash = "sha256:3cca235d46009f54cb319c779c6ac53d41ce1eee3cf07f157995bc7739329b97", size = 1587583, upload-time = "2025-10-10T13:54:45.989Z" },
    { url = "https://files.pythonhosted.org/packages/29/12/c46bec2311fc937ed3767312f9feb5f11bc70058c20bc53ae7369d759424/mpi4py-4.1.1-cp314-cp314t-manylinux1_x86_64.manylinux_2_5_x86_64.whl", hash = "sha256:2580fab891db492f32a6e02717e824f6fd5588be6560b08627c1e9322f7ccbfb", size = 1513437, upload-time = "2025-10-10T13:54:48.145Z" },
    { url = "https://files.pythonhosted.org/packages/09/3e/e46629867204b22ce6804096e0b7d35bb5b473df1d12272021843af726c3/mpi4py-4.1.1-cp314-cp314t-manylinux2014_aarch64.manylinux_2_17_aarch64.whl", hash = "sha256:6beec4841f9436d49ec9cabfd76a19df61c10b21ca14eddafa58fe7977802ee7", size = 1395082, upload-time = "2025-10-10T13:54:49.744Z" },
    { url = "https://files.pythonhosted.org/packages/1a/ca/7e27edf78cd8ba68aacafc836004cd092a978f0d5ffc8a3eac9e904a3e0e/mpi4py-4.1.1-cp314-cp314t-win_amd64.whl", hash = "sha256:b4b3813da9a7a1fc37ffb8dad314cb396313a40cd3fe150854ab29e999a9eb8c", size = 1771707, upload-time = "2025-10-10T13:54:51.756Z" },
]

[[package]]
name = "pdc-sp26-cs"
version = "0.1.0"
source = { virtual = "." }
dependencies = [
    { name = "impi-rt" },
    { name = "mpi4py" },
    { name = "ruff" },
]

[package.metadata]
requires-dist = [
    { name = "impi-rt", specifier = ">=2021.18.0" },
    { name = "mpi4py", specifier = ">=4.1.1" },
    { name = "ruff", specifier = ">=0.15.12" },
]

[[package]]
name = "ruff"
version = "0.15.12"
source = { registry = "https://pypi.org/simple" }
sdist = { url = "https://files.pythonhosted.org/packages/99/43/3291f1cc9106f4c63bdce7a8d0df5047fe8422a75b091c16b5e9355e0b11/ruff-0.15.12.tar.gz", hash = "sha256:ecea26adb26b4232c0c2ca19ccbc0083a68344180bba2a600605538ce51a40a6", size = 4643852, upload-time = "2026-04-24T18:17:14.305Z" }
wheels = [
    { url = "https://files.pythonhosted.org/packages/c3/6e/e78ffb61d4686f3d96ba3df2c801161843746dcbcbb17a1e927d4829312b/ruff-0.15.12-py3-none-linux_armv6l.whl", hash = "sha256:f86f176e188e94d6bdbc09f09bfd9dc729059ad93d0e7390b5a73efe19f8861c", size = 10640713, upload-time = "2026-04-24T18:17:22.841Z" },
    { url = "https://files.pythonhosted.org/packages/ae/08/a317bc231fb9e7b93e4ef3089501e51922ff88d6936ce5cf870c4fe55419/ruff-0.15.12-py3-none-macosx_10_12_x86_64.whl", hash = "sha256:e3bcd123364c3770b8e1b7baaf343cc99a35f197c5c6e8af79015c666c423a6c", size = 11069267, upload-time = "2026-04-24T18:17:30.105Z" },
    { url = "https://files.pythonhosted.org/packages/aa/a4/f828e9718d3dce1f5f11c39c4f65afd32783c8b2aebb2e3d259e492c47bd/ruff-0.15.12-py3-none-macosx_11_0_arm64.whl", hash = "sha256:fe87510d000220aa1ed530d4448a7c696a0cae1213e5ec30e5874287b66557b5", size = 10397182, upload-time = "2026-04-24T18:17:07.177Z" },
    { url = "https://files.pythonhosted.org/packages/71/e0/3310fc6d1b5e1fdea22bf3b1b807c7e187b581021b0d7d4514cccdb5fb71/ruff-0.15.12-py3-none-manylinux_2_17_aarch64.manylinux2014_aarch64.whl", hash = "sha256:84a1630093121375a3e2a95b4a6dc7b59e2b4ee76216e32d81aae550a832d002", size = 10758012, upload-time = "2026-04-24T18:16:55.759Z" },
    { url = "https://files.pythonhosted.org/packages/11/c1/a606911aee04c324ddaa883ae418f3569792fd3c4a10c50e0dd0a2311e1e/ruff-0.15.12-py3-none-manylinux_2_17_armv7l.manylinux2014_armv7l.whl", hash = "sha256:fb129f40f114f089ebe0ca56c0d251cf2061b17651d464bb6478dc01e69f11f5", size = 10447479, upload-time = "2026-04-24T18:16:51.677Z" },
    { url = "https://files.pythonhosted.org/packages/9d/68/4201e8444f0894f21ab4aeeaee68aa4f10b51613514a20d80bd628d57e88/ruff-0.15.12-py3-none-manylinux_2_17_i686.manylinux2014_i686.whl", hash = "sha256:b0c862b172d695db7598426b8af465e7e9ac00a3ea2a3630ee67eb82e366aaa6", size = 11234040, upload-time = "2026-04-24T18:17:16.529Z" },
    { url = "https://files.pythonhosted.org/packages/34/ff/8a6d6cf4ccc23fd67060874e832c18919d1557a0611ebef03fdb01fff11e/ruff-0.15.12-py3-none-manylinux_2_17_ppc64le.manylinux2014_ppc64le.whl", hash = "sha256:2849ea9f3484c3aca43a82f484210370319e7170df4dfe4843395ddf6c57bc33", size = 12087377, upload-time = "2026-04-24T18:17:04.944Z" },
    { url = "https://files.pythonhosted.org/packages/85/f6/c669cf73f5152f623d34e69866a46d5e6185816b19fcd5b6dd8a2d299922/ruff-0.15.12-py3-none-manylinux_2_17_s390x.manylinux2014_s390x.whl", hash = "sha256:9e77c7e51c07fe396826d5969a5b846d9cd4c402535835fb6e21ce8b28fef847", size = 11367784, upload-time = "2026-04-24T18:17:25.409Z" },
    { url = "https://files.pythonhosted.org/packages/e8/39/c61d193b8a1daaa8977f7dea9e8d8ba866e02ea7b65d32f6861693aa4c12/ruff-0.15.12-py3-none-manylinux_2_17_x86_64.manylinux2014_x86_64.whl", hash = "sha256:83b2f4f2f3b1026b5fb449b467d9264bf22067b600f7b6f41fc5958909f449d0", size = 11344088, upload-time = "2026-04-24T18:17:12.258Z" },
    { url = "https://files.pythonhosted.org/packages/c2/8d/49afab3645e31e12c590acb6d3b5b69d7aab5b81926dbaf7461f9441f37a/ruff-0.15.12-py3-none-manylinux_2_31_riscv64.whl", hash = "sha256:9ba3b8f1afd7e2e43d8943e55f249e13f9682fde09711644a6e7290eb4f3e339", size = 11271770, upload-time = "2026-04-24T18:17:02.457Z" },
    { url = "https://files.pythonhosted.org/packages/46/06/33f41fe94403e2b755481cdfb9b7ef3e4e0ed031c4581124658d935d52b4/ruff-0.15.12-py3-none-musllinux_1_2_aarch64.whl", hash = "sha256:e852ba9fdc890655e1d78f2df1499efbe0e54126bd405362154a75e2bde159c5", size = 10719355, upload-time = "2026-04-24T18:17:27.648Z" },
    { url = "https://files.pythonhosted.org/packages/0d/59/18aa4e014debbf559670e4048e39260a85c7fcee84acfd761ac01e7b8d35/ruff-0.15.12-py3-none-musllinux_1_2_armv7l.whl", hash = "sha256:dd8aed930da53780d22fc70bdf84452c843cf64f8cb4eb38984319c24c5cd5fd", size = 10462758, upload-time = "2026-04-24T18:17:32.347Z" },
    { url = "https://files.pythonhosted.org/packages/25/e7/cc9f16fd0f3b5fddcbd7ec3d6ae30c8f3fde1047f32a4093a98d633c6570/ruff-0.15.12-py3-none-musllinux_1_2_i686.whl", hash = "sha256:01da3988d225628b709493d7dc67c3b9b12c0210016b08690ef9bd27970b262b", size = 10953498, upload-time = "2026-04-24T18:17:20.674Z" },
    { url = "https://files.pythonhosted.org/packages/72/7a/a9ba7f98c7a575978698f4230c5e8cc54bbc761af34f560818f933dafa0c/ruff-0.15.12-py3-none-musllinux_1_2_x86_64.whl", hash = "sha256:9cae0f92bd5700d1213188b31cd3bdd2b315361296d10b96b8e2337d3d11f53e", size = 11447765, upload-time = "2026-04-24T18:17:09.755Z" },
    { url = "https://files.pythonhosted.org/packages/ea/f9/0ae446942c846b8266059ad8a30702a35afae55f5cdc54c5adf8d7afdc27/ruff-0.15.12-py3-none-win32.whl", hash = "sha256:d0185894e038d7043ba8fd6aee7499ece6462dc0ea9f1e260c7451807c714c20", size = 10657277, upload-time = "2026-04-24T18:17:18.591Z" },
    { url = "https://files.pythonhosted.org/packages/33/f1/9614e03e1cdcbf9437570b5400ced8a720b5db22b28d8e0f1bda429f660d/ruff-0.15.12-py3-none-win_amd64.whl", hash = "sha256:c87a162d61ab3adca47c03f7f717c68672edec7d1b5499e652331780fe74950d", size = 11837758, upload-time = "2026-04-24T18:17:00.113Z" },
    { url = "https://files.pythonhosted.org/packages/c0/98/6beb4b351e472e5f4c4613f7c35a5290b8be2497e183825310c4c3a3984b/ruff-0.15.12-py3-none-win_arm64.whl", hash = "sha256:a538f7a82d061cee7be55542aca1d86d1393d55d81d4fcc314370f4340930d4f", size = 11120821, upload-time = "2026-04-24T18:16:57.979Z" },
]
